{
  "name": "skylark-ui-gradienter",
  "version": "0.9.0",
  "lockfileVersion": 1,
  "requires": true,
  "dependencies": {
    "skylark-bootstrap3": {
      "version": "git+https://github.com/skylarkui/skylark-bootstrap3.git#97e264d247d1ab55d81f1380a934b147dcf8f6b9",
      "from": "git+https://github.com/skylarkui/skylark-bootstrap3.git#master",
      "requires": {
        "skylark-langx": "git+https://github.com/skylarklangx/skylark-langx.git#master",
        "skylark-utils-dom": "git+https://github.com/skylarkutils/skylark-utils-dom.git#master"
      }
    },
    "skylark-data-collection": {
      "version": "git+https://github.com/skylark-data/skylark-data-collection.git#b3364d3b68ee0ca4d5a2c536f9662b1f50359253",
      "from": "git+https://github.com/skylark-data/skylark-data-collection.git#master"
    },
    "skylark-data-color": {
      "version": "git+https://github.com/skylark-data/skylark-data-color.git#244f0d0eac38c7cc7be1a68a0692dc1c1e92bd9a",
      "from": "git+https://github.com/skylark-data/skylark-data-color.git#master"
    },
    "skylark-domx-interact": {
      "version": "git+https://github.com/skylark-domx/skylark-domx-interact.git#813c5b5d2eae8a3c085bc6ab37a56bf12bdec40b",
      "from": "git+https://github.com/skylark-domx/skylark-domx-interact.git#master"
    },
    "skylark-langx": {
      "version": "git+https://github.com/skylarklangx/skylark-langx.git#70bb3f991c2041ae17259ff3469222897d834ab8",
      "from": "git+https://github.com/skylarklangx/skylark-langx.git#master"
    },
    "skylark-storages-diskfs": {
      "version": "git+https://github.com/skylark-storages/skylark-storages-diskfs.git#f2ecc44c33c24660a59c03fd8882a59527e0332f",
      "from": "git+https://github.com/skylark-storages/skylark-storages-diskfs.git#master"
    },
    "skylark-ui-colorpicker": {
      "version": "git+https://github.com/skylarkui/skylark-ui-colorpicker.git#edfcc05d78ffd05fb98e090cf1f3882cbd04260c",
      "from": "git+https://github.com/skylarkui/skylark-ui-colorpicker.git#master",
      "requires": {
        "skylark-data-color": "git+https://github.com/skylark-data/skylark-data-color.git#master",
        "skylark-domx-interact": "git+https://github.com/skylark-domx/skylark-domx-interact.git#master",
        "skylark-langx": "git+https://github.com/skylarklangx/skylark-langx.git#master",
        "skylark-ui-swt": "git+https://github.com/skylarkui/skylark-ui-swt.git#master",
        "skylark-utils-dom": "git+https://github.com/skylarkutils/skylark-utils-dom.git#master"
      }
    },
    "skylark-ui-swt": {
      "version": "git+https://github.com/skylarkui/skylark-ui-swt.git#4ccd51b77d042b7904e28fb85febeabd36f4749d",
      "from": "git+https://github.com/skylarkui/skylark-ui-swt.git#master",
      "requires": {
        "skylark-bootstrap3": "git+https://github.com/skylarkui/skylark-bootstrap3.git#master",
        "skylark-data-collection": "git+https://github.com/skylark-data/skylark-data-collection.git#master",
        "skylark-langx": "git+https://github.com/skylarklangx/skylark-langx.git#master",
        "skylark-storages-diskfs": "git+https://github.com/skylark-storages/skylark-storages-diskfs.git#master",
        "skylark-utils-dom": "git+https://github.com/skylarkutils/skylark-utils-dom.git#master"
      }
    },
    "skylark-utils-dom": {
      "version": "git+https://github.com/skylarkutils/skylark-utils-dom.git#bd2203332ee5f028f96596c8466c3305da05263d",
      "from": "git+https://github.com/skylarkutils/skylark-utils-dom.git#master",
      "requires": {
        "skylark-langx": "git+https://github.com/skylarklangx/skylark-langx.git#master"
      }
    }
  }
}
